PODS:
  - Alamofire (4.8.0)
  - Differentiator (3.1.0)
  - MJRefresh (3.1.15.7)
  - Moya (12.0.1):
    - Moya/Core (= 12.0.1)
  - Moya/Core (12.0.1):
    - Alamofire (~> 4.1)
    - Result (~> 4.0)
  - ReactorKit (1.2.1):
    - RxSwift (>= 4.0.0)
  - Result (4.1.0)
  - RxAlamofire (4.3.0):
    - RxAlamofire/Core (= 4.3.0)
  - RxAlamofire/Core (4.3.0):
    - Alamofire (~> 4.5)
    - RxSwift (~> 4)
  - RxAtomic (4.4.0)
  - RxCocoa (4.4.0):
    - RxSwift (~> 4.0)
  - RxDataSources (3.1.0):
    - Differentiator (~> 3.0)
    - RxCocoa (~> 4.0)
    - RxSwift (~> 4.0)
  - RxFeedback (1.1.1):
    - RxCocoa (~> 4.0)
    - RxSwift (~> 4.0)
  - RxSwift (4.4.0):
    - RxAtomic (~> 4.4)

DEPENDENCIES:
  - MJRefresh
  - Moya
  - ReactorKit
  - RxAlamofire
  - RxCocoa
  - RxDataSources
  - RxFeedback
  - RxSwift

SPEC REPOS:
  https://github.com/cocoapods/specs.git:
    - Alamofire
    - Differentiator
    - MJRefresh
    - Moya
    - ReactorKit
    - Result
    - RxAlamofire
    - RxAtomic
    - RxCocoa
    - RxDataSources
    - RxFeedback
    - RxSwift

SPEC CHECKSUMS:
  Alamofire: 3ec537f71edc9804815215393ae2b1a8ea33a844
  Differentiator: be49ca3408f0ecfc761e4c7763d20c62be01b9ad
  MJRefresh: 697f8ec75ebdbe9207767bb682cf0f51b0d8a41f
  Moya: cf730b3cd9e005401ef37a85143aa141a12fd38f
  ReactorKit: 8be57f0527ad1ac2963cd5c338274a46a01e57a3
  Result: bd966fac789cc6c1563440b348ab2598cc24d5c7
  RxAlamofire: 09624d0f2d48ed8b686e4eb4cf68e28cbd2df556
  RxAtomic: eacf60db868c96bfd63320e28619fe29c179656f
  RxCocoa: df63ebf7b9a70d6b4eeea407ed5dd4efc8979749
  RxDataSources: a843bad90c29817f5923ec8163f4af2de084ceb3
  RxFeedback: 640e317bc7f6c4914c39a2063c6d5c0e6c1aa65d
  RxSwift: 5976ecd04fc2fefd648827c23de5e11157faa973

PODFILE CHECKSUM: 3e160736a8f725e691f34f6e2e3fc2b8bbf1ab32

COCOAPODS: 1.5.3
